Microsoft Visual Studio Solution File, Format Version 12.00
# Visual Studio 2012
Project("{FAE04EC0-301F-11D3-BF4B-00C04F79EFBC}") = "Segundo projeto - Tappy Plane", "Segundo projeto - Tappy Plane.csproj", "{D7596CC4-42C0-44BA-BBBB-8F39B42E8649}"
EndProject
Global
	GlobalSection(SolutionConfigurationPlatforms) = preSolution
	Debug|Any CPU = Debug|Any CPU
	ExportDebug|Any CPU = ExportDebug|Any CPU
	ExportRelease|Any CPU = ExportRelease|Any CPU
	EndGlobalSection
	GlobalSection(ProjectConfigurationPlatforms) = postSolution
		{D7596CC4-42C0-44BA-BBBB-8F39B42E8649}.Debug|Any CPU.ActiveCfg = Debug|Any CPU
		{D7596CC4-42C0-44BA-BBBB-8F39B42E8649}.Debug|Any CPU.Build.0 = Debug|Any CPU
		{D7596CC4-42C0-44BA-BBBB-8F39B42E8649}.ExportDebug|Any CPU.ActiveCfg = ExportDebug|Any CPU
		{D7596CC4-42C0-44BA-BBBB-8F39B42E8649}.ExportDebug|Any CPU.Build.0 = ExportDebug|Any CPU
		{D7596CC4-42C0-44BA-BBBB-8F39B42E8649}.ExportRelease|Any CPU.ActiveCfg = ExportRelease|Any CPU
		{D7596CC4-42C0-44BA-BBBB-8F39B42E8649}.ExportRelease|Any CPU.Build.0 = ExportRelease|Any CPU
	EndGlobalSection
EndGlobal
